
Microsoft Visual Studio Solution File, Format Version 12.00
# Visual Studio Version 17
VisualStudioVersion = 17.11.35327.3
MinimumVisualStudioVersion = 10.0.40219.1
Project("{FAE04EC0-301F-11D3-BF4B-00C04F79EFBC}") = "StudentInformationSystem", "StudentInformationSystem.csproj", "{8256D73A-0275-4B56-8350-2A0AF7E615CF}"
EndProject
Project("{FAE04EC0-301F-11D3-BF4B-00C04F79EFBC}") = "StudentInformationSystem.Entity", "..\StudentInformationSystem.Entity\StudentInformationSystem.Entity.csproj", "{A2EA24F8-D6BC-402D-BA68-2BE48B235F4F}"
EndProject
Project("{FAE04EC0-301F-11D3-BF4B-00C04F79EFBC}") = "StudentInformationSystem.BusinessLayer", "..\StudentInformationSystem.BusinessLayer\StudentInformationSystem.BusinessLayer.csproj", "{C4A90424-D1F5-42F0-9CE5-D6EEE6A92702}"
EndProject
Global
	GlobalSection(SolutionConfigurationPlatforms) = preSolution
		Debug|Any CPU = Debug|Any CPU
		Release|Any CPU = Release|Any CPU
	EndGlobalSection
	GlobalSection(ProjectConfigurationPlatforms) = postSolution
		{8256D73A-0275-4B56-8350-2A0AF7E615CF}.Debug|Any CPU.ActiveCfg = Debug|Any CPU
		{8256D73A-0275-4B56-8350-2A0AF7E615CF}.Debug|Any CPU.Build.0 = Debug|Any CPU
		{8256D73A-0275-4B56-8350-2A0AF7E615CF}.Release|Any CPU.ActiveCfg = Release|Any CPU
		{8256D73A-0275-4B56-8350-2A0AF7E615CF}.Release|Any CPU.Build.0 = Release|Any CPU
		{A2EA24F8-D6BC-402D-BA68-2BE48B235F4F}.Debug|Any CPU.ActiveCfg = Debug|Any CPU
		{A2EA24F8-D6BC-402D-BA68-2BE48B235F4F}.Debug|Any CPU.Build.0 = Debug|Any CPU
		{A2EA24F8-D6BC-402D-BA68-2BE48B235F4F}.Release|Any CPU.ActiveCfg = Release|Any CPU
		{A2EA24F8-D6BC-402D-BA68-2BE48B235F4F}.Release|Any CPU.Build.0 = Release|Any CPU
		{C4A90424-D1F5-42F0-9CE5-D6EEE6A92702}.Debug|Any CPU.ActiveCfg = Debug|Any CPU
		{C4A90424-D1F5-42F0-9CE5-D6EEE6A92702}.Debug|Any CPU.Build.0 = Debug|Any CPU
		{C4A90424-D1F5-42F0-9CE5-D6EEE6A92702}.Release|Any CPU.ActiveCfg = Release|Any CPU
		{C4A90424-D1F5-42F0-9CE5-D6EEE6A92702}.Release|Any CPU.Build.0 = Release|Any CPU
	EndGlobalSection
	GlobalSection(SolutionProperties) = preSolution
		HideSolutionNode = FALSE
	EndGlobalSection
	GlobalSection(ExtensibilityGlobals) = postSolution
		SolutionGuid = {5E3AA243-DFD5-486D-BD3F-3D3B9493D119}
	EndGlobalSection
EndGlobal
